// !$*UTF8*$!
{
	archiveVersion = 1;
	classes = {
	};
	objectVersion = 50;
	objects = {

/* Begin PBXBuildFile section */
		F443DC132631972F002F6260 /* MemeListViewController.swift in Sources */ = {isa = PBXBuildFile; fileRef = F443DC122631972F002F6260 /* MemeListViewController.swift */; };
		F443DC1526319738002F6260 /* MemeGridViewController.swift in Sources */ = {isa = PBXBuildFile; fileRef = F443DC1426319738002F6260 /* MemeGridViewController.swift */; };
		F443DC1B26319905002F6260 /* MemeTableCell.swift in Sources */ = {isa = PBXBuildFile; fileRef = F443DC1926319905002F6260 /* MemeTableCell.swift */; };
		F443DC1C26319905002F6260 /* MemeTableCell.xib in Resources */ = {isa = PBXBuildFile; fileRef = F443DC1A26319905002F6260 /* MemeTableCell.xib */; };
		F443DC2026319CC3002F6260 /* MemeCollectionCell.swift in Sources */ = {isa = PBXBuildFile; fileRef = F443DC1E26319CC3002F6260 /* MemeCollectionCell.swift */; };
		F443DC2126319CC3002F6260 /* MemeCollectionCell.xib in Resources */ = {isa = PBXBuildFile; fileRef = F443DC1F26319CC3002F6260 /* MemeCollectionCell.xib */; };
		F482B3EE262985DA002871FA /* AppDelegate.swift in Sources */ = {isa = PBXBuildFile; fileRef = F482B3ED262985DA002871FA /* AppDelegate.swift */; };
		F482B3F2262985DA002871FA /* ViewController.swift in Sources */ = {isa = PBXBuildFile; fileRef = F482B3F1262985DA002871FA /* ViewController.swift */; };
		F482B3F5262985DA002871FA /* Main.storyboard in Resources */ = {isa = PBXBuildFile; fileRef = F482B3F3262985DA002871FA /* Main.storyboard */; };
		F482B3F7262985DB002871FA /* Assets.xcassets in Resources */ = {isa = PBXBuildFile; fileRef = F482B3F6262985DB002871FA /* Assets.xcassets */; };
		F482B3FA262985DC002871FA /* LaunchScreen.storyboard in Resources */ = {isa = PBXBuildFile; fileRef = F482B3F8262985DC002871FA /* LaunchScreen.storyboard */; };
		F4C665E2262D588300CF17DE /* MemeModel.swift in Sources */ = {isa = PBXBuildFile; fileRef = F4C665E1262D588300CF17DE /* MemeModel.swift */; };
/* End PBXBuildFile section */

/* Begin PBXFileReference section */
		F443DC122631972F002F6260 /* MemeListViewController.swift */ = {isa = PBXFileReference; lastKnownFileType = sourcecode.swift; path = MemeListViewController.swift; sourceTree = "<group>"; };
		F443DC1426319738002F6260 /* MemeGridViewController.swift */ = {isa = PBXFileReference; lastKnownFileType = sourcecode.swift; path = MemeGridViewController.swift; sourceTree = "<group>"; };
		F443DC1926319905002F6260 /* MemeTableCell.swift */ = {isa = PBXFileReference; lastKnownFileType = sourcecode.swift; path = MemeTableCell.swift; sourceTree = "<group>"; };
		F443DC1A26319905002F6260 /* MemeTableCell.xib */ = {isa = PBXFileReference; lastKnownFileType = file.xib; path = MemeTableCell.xib; sourceTree = "<group>"; };
		F443DC1E26319CC3002F6260 /* MemeCollectionCell.swift */ = {isa = PBXFileReference; lastKnownFileType = sourcecode.swift; path = MemeCollectionCell.swift; sourceTree = "<group>"; };
		F443DC1F26319CC3002F6260 /* MemeCollectionCell.xib */ = {isa = PBXFileReference; lastKnownFileType = file.xib; path = MemeCollectionCell.xib; sourceTree = "<group>"; };
		F482B3EA262985DA002871FA /* MemeApp.app */ = {isa = PBXFileReference; explicitFileType = wrapper.application; includeInIndex = 0; path = MemeApp.app; sourceTree = BUILT_PRODUCTS_DIR; };
		F482B3ED262985DA002871FA /* AppDelegate.swift */ = {isa = PBXFileReference; lastKnownFileType = sourcecode.swift; path = AppDelegate.swift; sourceTree = "<group>"; };
		F482B3F1262985DA002871FA /* ViewController.swift */ = {isa = PBXFileReference; lastKnownFileType = sourcecode.swift; path = ViewController.swift; sourceTree = "<group>"; };
		F482B3F4262985DA002871FA /* Base */ = {isa = PBXFileReference; lastKnownFileType = file.storyboard; name = Base; path = Base.lproj/Main.storyboard; sourceTree = "<group>"; };
		F482B3F6262985DB002871FA /* Assets.xcassets */ = {isa = PBXFileReference; lastKnownFileType = folder.assetcatalog; path = Assets.xcassets; sourceTree = "<group>"; };
		F482B3F9262985DC002871FA /* Base */ = {isa = PBXFileReference; lastKnownFileType = file.storyboard; name = Base; path = Base.lproj/LaunchScreen.storyboard; sourceTree = "<group>"; };
		F482B3FB262985DC002871FA /* Info.plist */ = {isa = PBXFileReference; lastKnownFileType = text.plist.xml; path = Info.plist; sourceTree = "<group>"; };
		F4C665E1262D588300CF17DE /* MemeModel.swift */ = {isa = PBXFileReference; lastKnownFileType = sourcecode.swift; path = MemeModel.swift; sourceTree = "<group>"; };
/* End PBXFileReference section */

/* Begin PBXFrameworksBuildPhase section */
		F482B3E7262985DA002871FA /* Frameworks */ = {
			isa = PBXFrameworksBuildPhase;
			buildActionMask = 2147483647;
			files = (
			);
			runOnlyForDeploymentPostprocessing = 0;
		};
/* End PBXFrameworksBuildPhase section */

/* Begin PBXGroup section */
		F443DC16263198D0002F6260 /* TableCell */ = {
			isa = PBXGroup;
			children = (
				F443DC1926319905002F6260 /* MemeTableCell.swift */,
				F443DC1A26319905002F6260 /* MemeTableCell.xib */,
			);
			path = TableCell;
			sourceTree = "<group>";
		};
		F443DC1D26319C9F002F6260 /* CollectionCell */ = {
			isa = PBXGroup;
			children = (
				F443DC1E26319CC3002F6260 /* MemeCollectionCell.swift */,
				F443DC1F26319CC3002F6260 /* MemeCollectionCell.xib */,
			);
			path = CollectionCell;
			sourceTree = "<group>";
		};
		F482B3E1262985DA002871FA = {
			isa = PBXGroup;
			children = (
				F482B3EC262985DA002871FA /* MemeApp */,
				F482B3EB262985DA002871FA /* Products */,
			);
			sourceTree = "<group>";
		};
		F482B3EB262985DA002871FA /* Products */ = {
			isa = PBXGroup;
			children = (
				F482B3EA262985DA002871FA /* MemeApp.app */,
			);
			name = Products;
			sourceTree = "<group>";
		};
		F482B3EC262985DA002871FA /* MemeApp */ = {
			isa = PBXGroup;
			children = (
				F4C665DE262D584F00CF17DE /* Model */,
				F4C665DF262D585600CF17DE /* View */,
				F4C665E0262D585B00CF17DE /* Controller */,
				F482B3ED262985DA002871FA /* AppDelegate.swift */,
				F482B3F6262985DB002871FA /* Assets.xcassets */,
				F482B3F8262985DC002871FA /* LaunchScreen.storyboard */,
				F482B3FB262985DC002871FA /* Info.plist */,
			);
			path = MemeApp;
			sourceTree = "<group>";
		};
		F4C665DE262D584F00CF17DE /* Model */ = {
			isa = PBXGroup;
			children = (
				F4C665E1262D588300CF17DE /* MemeModel.swift */,
			);
			path = Model;
			sourceTree = "<group>";
		};
		F4C665DF262D585600CF17DE /* View */ = {
			isa = PBXGroup;
			children = (
				F443DC16263198D0002F6260 /* TableCell */,
				F443DC1D26319C9F002F6260 /* CollectionCell */,
				F482B3F3262985DA002871FA /* Main.storyboard */,
			);
			path = View;
			sourceTree = "<group>";
		};
		F4C665E0262D585B00CF17DE /* Controller */ = {
			isa = PBXGroup;
			children = (
				F482B3F1262985DA002871FA /* ViewController.swift */,
				F443DC122631972F002F6260 /* MemeListViewController.swift */,
				F443DC1426319738002F6260 /* MemeGridViewController.swift */,
			);
			path = Controller;
			sourceTree = "<group>";
		};
/* End PBXGroup section */

/* Begin PBXNativeTarget section */
		F482B3E9262985DA002871FA /* MemeApp */ = {
			isa = PBXNativeTarget;
			buildConfigurationList = F482B3FE262985DC002871FA /* Build configuration list for PBXNativeTarget "MemeApp" */;
			buildPhases = (
				F482B3E6262985DA002871FA /* Sources */,
				F482B3E7262985DA002871FA /* Frameworks */,
				F482B3E8262985DA002871FA /* Resources */,
			);
			buildRules = (
			);
			dependencies = (
			);
			name = MemeApp;
			productName = MemeApp;
			productReference = F482B3EA262985DA002871FA /* MemeApp.app */;
			productType = "com.apple.product-type.application";
		};
/* End PBXNativeTarget section */

/* Begin PBXProject section */
		F482B3E2262985DA002871FA /* Project object */ = {
			isa = PBXProject;
			attributes = {
				LastSwiftUpdateCheck = 1170;
				LastUpgradeCheck = 1170;
				ORGANIZATIONNAME = "Avendi Sianipar";
				TargetAttributes = {
					F482B3E9262985DA002871FA = {
						CreatedOnToolsVersion = 11.7;
					};
				};
			};
			buildConfigurationList = F482B3E5262985DA002871FA /* Build configuration list for PBXProject "MemeApp" */;
			compatibilityVersion = "Xcode 9.3";
			developmentRegion = en;
			hasScannedForEncodings = 0;
			knownRegions = (
				en,
				Base,
			);
			mainGroup = F482B3E1262985DA002871FA;
			productRefGroup = F482B3EB262985DA002871FA /* Products */;
			projectDirPath = "";
			projectRoot = "";
			targets = (
				F482B3E9262985DA002871FA /* MemeApp */,
			);
		};
/* End PBXProject section */

/* Begin PBXResourcesBuildPhase section */
		F482B3E8262985DA002871FA /* Resources */ = {
			isa = PBXResourcesBuildPhase;
			buildActionMask = 2147483647;
			files = (
				F482B3FA262985DC002871FA /* LaunchScreen.storyboard in Resources */,
				F482B3F7262985DB002871FA /* Assets.xcassets in Resources */,
				F443DC2126319CC3002F6260 /* MemeCollectionCell.xib in Resources */,
				F443DC1C26319905002F6260 /* MemeTableCell.xib in Resources */,
				F482B3F5262985DA002871FA /* Main.storyboard in Resources */,
			);
			runOnlyForDeploymentPostprocessing = 0;
		};
/* End PBXResourcesBuildPhase section */

/* Begin PBXSourcesBuildPhase section */
		F482B3E6262985DA002871FA /* Sources */ = {
			isa = PBXSourcesBuildPhase;
			buildActionMask = 2147483647;
			files = (
				F482B3F2262985DA002871FA /* ViewController.swift in Sources */,
				F4C665E2262D588300CF17DE /* MemeModel.swift in Sources */,
				F443DC1B26319905002F6260 /* MemeTableCell.swift in Sources */,
				F443DC132631972F002F6260 /* MemeListViewController.swift in Sources */,
				F443DC2026319CC3002F6260 /* MemeCollectionCell.swift in Sources */,
				F482B3EE262985DA002871FA /* AppDelegate.swift in Sources */,
				F443DC1526319738002F6260 /* MemeGridViewController.swift in Sources */,
			);
			runOnlyForDeploymentPostprocessing = 0;
		};
/* End PBXSourcesBuildPhase section */

/* Begin PBXVariantGroup section */
		F482B3F3262985DA002871FA /* Main.storyboard */ = {
			isa = PBXVariantGroup;
			children = (
				F482B3F4262985DA002871FA /* Base */,
			);
			name = Main.storyboard;
			sourceTree = "<group>";
		};
		F482B3F8262985DC002871FA /* LaunchScreen.storyboard */ = {
			isa = PBXVariantGroup;
			children = (
				F482B3F9262985DC002871FA /* Base */,
			);
			name = LaunchScreen.storyboard;
			sourceTree = "<group>";
		};
/* End PBXVariantGroup section */

/* Begin XCBuildConfiguration section */
		F482B3FC262985DC002871FA /* Debug */ = {
			isa = XCBuildConfiguration;
			buildSettings = {
				ALWAYS_SEARCH_USER_PATHS = NO;
				CLANG_ANALYZER_NONNULL = YES;
				CLANG_ANALYZER_NUMBER_OBJECT_CONVERSION = YES_AGGRESSIVE;
				CLANG_CXX_LANGUAGE_STANDARD = "gnu++14";
				CLANG_CXX_LIBRARY = "libc++";
				CLANG_ENABLE_MODULES = YES;
				CLANG_ENABLE_OBJC_ARC = YES;
				CLANG_ENABLE_OBJC_WEAK = YES;
				CLANG_WARN_BLOCK_CAPTURE_AUTORELEASING = YES;
				CLANG_WARN_BOOL_CONVERSION = YES;
				CLANG_WARN_COMMA = YES;
				CLANG_WARN_CONSTANT_CONVERSION = YES;
				CLANG_WARN_DEPRECATED_OBJC_IMPLEMENTATIONS = YES;
				CLANG_WARN_DIRECT_OBJC_ISA_USAGE = YES_ERROR;
				CLANG_WARN_DOCUMENTATION_COMMENTS = YES;
				CLANG_WARN_EMPTY_BODY = YES;
				CLANG_WARN_ENUM_CONVERSION = YES;
				CLANG_WARN_INFINITE_RECURSION = YES;
				CLANG_WARN_INT_CONVERSION = YES;
				CLANG_WARN_NON_LITERAL_NULL_CONVERSION = YES;
				CLANG_WARN_OBJC_IMPLICIT_RETAIN_SELF = YES;
				CLANG_WARN_OBJC_LITERAL_CONVERSION = YES;
				CLANG_WARN_OBJC_ROOT_CLASS = YES_ERROR;
				CLANG_WARN_RANGE_LOOP_ANALYSIS = YES;
				CLANG_WARN_STRICT_PROTOTYPES = YES;
				CLANG_WARN_SUSPICIOUS_MOVE = YES;
				CLANG_WARN_UNGUARDED_AVAILABILITY = YES_AGGRESSIVE;
				CLANG_WARN_UNREACHABLE_CODE = YES;
				CLANG_WARN__DUPLICATE_METHOD_MATCH = YES;
				COPY_PHASE_STRIP = NO;
				DEBUG_INFORMATION_FORMAT = dwarf;
				ENABLE_STRICT_OBJC_MSGSEND = YES;
				ENABLE_TESTABILITY = YES;
				GCC_C_LANGUAGE_STANDARD = gnu11;
				GCC_DYNAMIC_NO_PIC = NO;
				GCC_NO_COMMON_BLOCKS = YES;
				GCC_OPTIMIZATION_LEVEL = 0;
				GCC_PREPROCESSOR_DEFINITIONS = (
					"DEBUG=1",
					"$(inherited)",
				);
				GCC_WARN_64_TO_32_BIT_CONVERSION = YES;
				GCC_WARN_ABOUT_RETURN_TYPE = YES_ERROR;
				GCC_WARN_UNDECLARED_SELECTOR = YES;
				GCC_WARN_UNINITIALIZED_AUTOS = YES_AGGRESSIVE;
				GCC_WARN_UNUSED_FUNCTION = YES;
				GCC_WARN_UNUSED_VARIABLE = YES;
				IPHONEOS_DEPLOYMENT_TARGET = 13.7;
				MTL_ENABLE_DEBUG_INFO = INCLUDE_SOURCE;
				MTL_FAST_MATH = YES;
				ONLY_ACTIVE_ARCH = YES;
				SDKROOT = iphoneos;
				SWIFT_ACTIVE_COMPILATION_CONDITIONS = DEBUG;
				SWIFT_OPTIMIZATION_LEVEL = "-Onone";
			};
			name = Debug;
		};
		F482B3FD262985DC002871FA /* Release */ = {
			isa = XCBuildConfiguration;
			buildSettings = {
				ALWAYS_SEARCH_USER_PATHS = NO;
				CLANG_ANALYZER_NONNULL = YES;
				CLANG_ANALYZER_NUMBER_OBJECT_CONVERSION = YES_AGGRESSIVE;
				CLANG_CXX_LANGUAGE_STANDARD = "gnu++14";
				CLANG_CXX_LIBRARY = "libc++";
				CLANG_ENABLE_MODULES = YES;
				CLANG_ENABLE_OBJC_ARC = YES;
				CLANG_ENABLE_OBJC_WEAK = YES;
				CLANG_WARN_BLOCK_CAPTURE_AUTORELEASING = YES;
				CLANG_WARN_BOOL_CONVERSION = YES;
				CLANG_WARN_COMMA = YES;
				CLANG_WARN_CONSTANT_CONVERSION = YES;
				CLANG_WARN_DEPRECATED_OBJC_IMPLEMENTATIONS = YES;
				CLANG_WARN_DIRECT_OBJC_ISA_USAGE = YES_ERROR;
				CLANG_WARN_DOCUMENTATION_COMMENTS = YES;
				CLANG_WARN_EMPTY_BODY = YES;
				CLANG_WARN_ENUM_CONVERSION = YES;
				CLANG_WARN_INFINITE_RECURSION = YES;
				CLANG_WARN_INT_CONVERSION = YES;
				CLANG_WARN_NON_LITERAL_NULL_CONVERSION = YES;
				CLANG_WARN_OBJC_IMPLICIT_RETAIN_SELF = YES;
				CLANG_WARN_OBJC_LITERAL_CONVERSION = YES;
				CLANG_WARN_OBJC_ROOT_CLASS = YES_ERROR;
				CLANG_WARN_RANGE_LOOP_ANALYSIS = YES;
				CLANG_WARN_STRICT_PROTOTYPES = YES;
				CLANG_WARN_SUSPICIOUS_MOVE = YES;
				CLANG_WARN_UNGUARDED_AVAILABILITY = YES_AGGRESSIVE;
				CLANG_WARN_UNREACHABLE_CODE = YES;
				CLANG_WARN__DUPLICATE_METHOD_MATCH = YES;
				COPY_PHASE_STRIP = NO;
				DEBUG_INFORMATION_FORMAT = "dwarf-with-dsym";
				ENABLE_NS_ASSERTIONS = NO;
				ENABLE_STRICT_OBJC_MSGSEND = YES;
				GCC_C_LANGUAGE_STANDARD = gnu11;
				GCC_NO_COMMON_BLOCKS = YES;
				GCC_WARN_64_TO_32_BIT_CONVERSION = YES;
				GCC_WARN_ABOUT_RETURN_TYPE = YES_ERROR;
				GCC_WARN_UNDECLARED_SELECTOR = YES;
				GCC_WARN_UNINITIALIZED_AUTOS = YES_AGGRESSIVE;
				GCC_WARN_UNUSED_FUNCTION = YES;
				GCC_WARN_UNUSED_VARIABLE = YES;
				IPHONEOS_DEPLOYMENT_TARGET = 13.7;
				MTL_ENABLE_DEBUG_INFO = NO;
				MTL_FAST_MATH = YES;
				SDKROOT = iphoneos;
				SWIFT_COMPILATION_MODE = wholemodule;
				SWIFT_OPTIMIZATION_LEVEL = "-O";
				VALIDATE_PRODUCT = YES;
			};
			name = Release;
		};
		F482B3FF262985DC002871FA /* Debug */ = {
			isa = XCBuildConfiguration;
			buildSettings = {
				ASSETCATALOG_COMPILER_APPICON_NAME = AppIcon;
				CODE_SIGN_STYLE = Automatic;
				INFOPLIST_FILE = MemeApp/Info.plist;
				LD_RUNPATH_SEARCH_PATHS = (
					"$(inherited)",
					"@executable_path/Frameworks",
				);
				PRODUCT_BUNDLE_IDENTIFIER = com.avendi.MemeApp;
				PRODUCT_NAME = "$(TARGET_NAME)";
				SWIFT_VERSION = 5.0;
				TARGETED_DEVICE_FAMILY = "1,2";
			};
			name = Debug;
		};
		F482B400262985DC002871FA /* Release */ = {
			isa = XCBuildConfiguration;
			buildSettings = {
				ASSETCATALOG_COMPILER_APPICON_NAME = AppIcon;
				CODE_SIGN_STYLE = Automatic;
				INFOPLIST_FILE = MemeApp/Info.plist;
				LD_RUNPATH_SEARCH_PATHS = (
					"$(inherited)",
					"@executable_path/Frameworks",
				);
				PRODUCT_BUNDLE_IDENTIFIER = com.avendi.MemeApp;
				PRODUCT_NAME = "$(TARGET_NAME)";
				SWIFT_VERSION = 5.0;
				TARGETED_DEVICE_FAMILY = "1,2";
			};
			name = Release;
		};
/* End XCBuildConfiguration section */

/* Begin XCConfigurationList section */
		F482B3E5262985DA002871FA /* Build configuration list for PBXProject "MemeApp" */ = {
			isa = XCConfigurationList;
			buildConfigurations = (
				F482B3FC262985DC002871FA /* Debug */,
				F482B3FD262985DC002871FA /* Release */,
			);
			defaultConfigurationIsVisible = 0;
			defaultConfigurationName = Release;
		};
		F482B3FE262985DC002871FA /* Build configuration list for PBXNativeTarget "MemeApp" */ = {
			isa = XCConfigurationList;
			buildConfigurations = (
				F482B3FF262985DC002871FA /* Debug */,
				F482B400262985DC002871FA /* Release */,
			);
			defaultConfigurationIsVisible = 0;
			defaultConfigurationName = Release;
		};
/* End XCConfigurationList section */
	};
	rootObject = F482B3E2262985DA002871FA /* Project object */;
}
